// !$*UTF8*$!
{
	archiveVersion = 1;
	classes = {
	};
	objectVersion = 50;
	objects = {

/* Begin PBXBuildFile section */
		4000B304253117A40019C683 /* StopwatchViewController.swift in Sources */ = {isa = PBXBuildFile; fileRef = 4000B303253117A40019C683 /* StopwatchViewController.swift */; };
		403AC864252EA95D00BBA8EF /* CountriesTableViewController.swift in Sources */ = {isa = PBXBuildFile; fileRef = 403AC863252EA95D00BBA8EF /* CountriesTableViewController.swift */; };
		40C74BC724D0072F00A22E7A /* AppDelegate.swift in Sources */ = {isa = PBXBuildFile; fileRef = 40C74BC624D0072F00A22E7A /* AppDelegate.swift */; };
		40C74BC924D0072F00A22E7A /* SceneDelegate.swift in Sources */ = {isa = PBXBuildFile; fileRef = 40C74BC824D0072F00A22E7A /* SceneDelegate.swift */; };
		40C74BCB24D0072F00A22E7A /* ViewController.swift in Sources */ = {isa = PBXBuildFile; fileRef = 40C74BCA24D0072F00A22E7A /* ViewController.swift */; };
		40C74BCE24D0072F00A22E7A /* Main.storyboard in Resources */ = {isa = PBXBuildFile; fileRef = 40C74BCC24D0072F00A22E7A /* Main.storyboard */; };
		40C74BD024D0073100A22E7A /* Assets.xcassets in Resources */ = {isa = PBXBuildFile; fileRef = 40C74BCF24D0073100A22E7A /* Assets.xcassets */; };
		40C74BD324D0073100A22E7A /* LaunchScreen.storyboard in Resources */ = {isa = PBXBuildFile; fileRef = 40C74BD124D0073100A22E7A /* LaunchScreen.storyboard */; };
		40C74BDC24D09F5000A22E7A /* MemoryListViewController.swift in Sources */ = {isa = PBXBuildFile; fileRef = 40C74BDB24D09F5000A22E7A /* MemoryListViewController.swift */; };
		40C74BDF24D15A1900A22E7A /* MemoriesCell.swift in Sources */ = {isa = PBXBuildFile; fileRef = 40C74BDE24D15A1900A22E7A /* MemoriesCell.swift */; };
/* End PBXBuildFile section */

/* Begin PBXFileReference section */
		4000B303253117A40019C683 /* StopwatchViewController.swift */ = {isa = PBXFileReference; lastKnownFileType = sourcecode.swift; path = StopwatchViewController.swift; sourceTree = "<group>"; };
		403AC863252EA95D00BBA8EF /* CountriesTableViewController.swift */ = {isa = PBXFileReference; lastKnownFileType = sourcecode.swift; path = CountriesTableViewController.swift; sourceTree = "<group>"; };
		40C74BC324D0072F00A22E7A /* Memories.app */ = {isa = PBXFileReference; explicitFileType = wrapper.application; includeInIndex = 0; path = Memories.app; sourceTree = BUILT_PRODUCTS_DIR; };
		40C74BC624D0072F00A22E7A /* AppDelegate.swift */ = {isa = PBXFileReference; lastKnownFileType = sourcecode.swift; path = AppDelegate.swift; sourceTree = "<group>"; };
		40C74BC824D0072F00A22E7A /* SceneDelegate.swift */ = {isa = PBXFileReference; lastKnownFileType = sourcecode.swift; path = SceneDelegate.swift; sourceTree = "<group>"; };
		40C74BCA24D0072F00A22E7A /* ViewController.swift */ = {isa = PBXFileReference; lastKnownFileType = sourcecode.swift; path = ViewController.swift; sourceTree = "<group>"; };
		40C74BCD24D0072F00A22E7A /* Base */ = {isa = PBXFileReference; lastKnownFileType = file.storyboard; name = Base; path = Base.lproj/Main.storyboard; sourceTree = "<group>"; };
		40C74BCF24D0073100A22E7A /* Assets.xcassets */ = {isa = PBXFileReference; lastKnownFileType = folder.assetcatalog; path = Assets.xcassets; sourceTree = "<group>"; };
		40C74BD224D0073100A22E7A /* Base */ = {isa = PBXFileReference; lastKnownFileType = file.storyboard; name = Base; path = Base.lproj/LaunchScreen.storyboard; sourceTree = "<group>"; };
		40C74BD424D0073100A22E7A /* Info.plist */ = {isa = PBXFileReference; lastKnownFileType = text.plist.xml; path = Info.plist; sourceTree = "<group>"; };
		40C74BDB24D09F5000A22E7A /* MemoryListViewController.swift */ = {isa = PBXFileReference; lastKnownFileType = sourcecode.swift; path = MemoryListViewController.swift; sourceTree = "<group>"; };
		40C74BDE24D15A1900A22E7A /* MemoriesCell.swift */ = {isa = PBXFileReference; lastKnownFileType = sourcecode.swift; path = MemoriesCell.swift; sourceTree = "<group>"; };
/* End PBXFileReference section */

/* Begin PBXFrameworksBuildPhase section */
		40C74BC024D0072F00A22E7A /* Frameworks */ = {
			isa = PBXFrameworksBuildPhase;
			buildActionMask = 2147483647;
			files = (
			);
			runOnlyForDeploymentPostprocessing = 0;
		};
/* End PBXFrameworksBuildPhase section */

/* Begin PBXGroup section */
		4000B301253109D80019C683 /* Tabbar */ = {
			isa = PBXGroup;
			children = (
			);
			path = Tabbar;
			sourceTree = "<group>";
		};
		4000B3022531177B0019C683 /* StopWatch */ = {
			isa = PBXGroup;
			children = (
				4000B303253117A40019C683 /* StopwatchViewController.swift */,
			);
			path = StopWatch;
			sourceTree = "<group>";
		};
		403AC860252EA35D00BBA8EF /* TableView */ = {
			isa = PBXGroup;
			children = (
				403AC863252EA95D00BBA8EF /* CountriesTableViewController.swift */,
			);
			path = TableView;
			sourceTree = "<group>";
		};
		40C74BBA24D0072F00A22E7A = {
			isa = PBXGroup;
			children = (
				40C74BC524D0072F00A22E7A /* Memories */,
				40C74BC424D0072F00A22E7A /* Products */,
			);
			sourceTree = "<group>";
		};
		40C74BC424D0072F00A22E7A /* Products */ = {
			isa = PBXGroup;
			children = (
				40C74BC324D0072F00A22E7A /* Memories.app */,
			);
			name = Products;
			sourceTree = "<group>";
		};
		40C74BC524D0072F00A22E7A /* Memories */ = {
			isa = PBXGroup;
			children = (
				4000B3022531177B0019C683 /* StopWatch */,
				4000B301253109D80019C683 /* Tabbar */,
				403AC860252EA35D00BBA8EF /* TableView */,
				40C74BDD24D159FA00A22E7A /* MemoriesList */,
				40C74BDA24D09F3700A22E7A /* ViewController */,
				40C74BC624D0072F00A22E7A /* AppDelegate.swift */,
				40C74BC824D0072F00A22E7A /* SceneDelegate.swift */,
				40C74BCA24D0072F00A22E7A /* ViewController.swift */,
				40C74BCC24D0072F00A22E7A /* Main.storyboard */,
				40C74BCF24D0073100A22E7A /* Assets.xcassets */,
				40C74BD124D0073100A22E7A /* LaunchScreen.storyboard */,
				40C74BD424D0073100A22E7A /* Info.plist */,
			);
			path = Memories;
			sourceTree = "<group>";
		};
		40C74BDA24D09F3700A22E7A /* ViewController */ = {
			isa = PBXGroup;
			children = (
				40C74BDB24D09F5000A22E7A /* MemoryListViewController.swift */,
			);
			path = ViewController;
			sourceTree = "<group>";
		};
		40C74BDD24D159FA00A22E7A /* MemoriesList */ = {
			isa = PBXGroup;
			children = (
				40C74BDE24D15A1900A22E7A /* MemoriesCell.swift */,
			);
			path = MemoriesList;
			sourceTree = "<group>";
		};
/* End PBXGroup section */

/* Begin PBXNativeTarget section */
		40C74BC224D0072F00A22E7A /* Memories */ = {
			isa = PBXNativeTarget;
			buildConfigurationList = 40C74BD724D0073100A22E7A /* Build configuration list for PBXNativeTarget "Memories" */;
			buildPhases = (
				40C74BBF24D0072F00A22E7A /* Sources */,
				40C74BC024D0072F00A22E7A /* Frameworks */,
				40C74BC124D0072F00A22E7A /* Resources */,
			);
			buildRules = (
			);
			dependencies = (
			);
			name = Memories;
			productName = Memories;
			productReference = 40C74BC324D0072F00A22E7A /* Memories.app */;
			productType = "com.apple.product-type.application";
		};
/* End PBXNativeTarget section */

/* Begin PBXProject section */
		40C74BBB24D0072F00A22E7A /* Project object */ = {
			isa = PBXProject;
			attributes = {
				LastSwiftUpdateCheck = 1160;
				LastUpgradeCheck = 1160;
				ORGANIZATIONNAME = "Par, Saritha";
				TargetAttributes = {
					40C74BC224D0072F00A22E7A = {
						CreatedOnToolsVersion = 11.6;
					};
				};
			};
			buildConfigurationList = 40C74BBE24D0072F00A22E7A /* Build configuration list for PBXProject "Memories" */;
			compatibilityVersion = "Xcode 9.3";
			developmentRegion = en;
			hasScannedForEncodings = 0;
			knownRegions = (
				en,
				Base,
			);
			mainGroup = 40C74BBA24D0072F00A22E7A;
			productRefGroup = 40C74BC424D0072F00A22E7A /* Products */;
			projectDirPath = "";
			projectRoot = "";
			targets = (
				40C74BC224D0072F00A22E7A /* Memories */,
			);
		};
/* End PBXProject section */

/* Begin PBXResourcesBuildPhase section */
		40C74BC124D0072F00A22E7A /* Resources */ = {
			isa = PBXResourcesBuildPhase;
			buildActionMask = 2147483647;
			files = (
				40C74BD324D0073100A22E7A /* LaunchScreen.storyboard in Resources */,
				40C74BD024D0073100A22E7A /* Assets.xcassets in Resources */,
				40C74BCE24D0072F00A22E7A /* Main.storyboard in Resources */,
			);
			runOnlyForDeploymentPostprocessing = 0;
		};
/* End PBXResourcesBuildPhase section */

/* Begin PBXSourcesBuildPhase section */
		40C74BBF24D0072F00A22E7A /* Sources */ = {
			isa = PBXSourcesBuildPhase;
			buildActionMask = 2147483647;
			files = (
				40C74BCB24D0072F00A22E7A /* ViewController.swift in Sources */,
				40C74BDC24D09F5000A22E7A /* MemoryListViewController.swift in Sources */,
				40C74BC724D0072F00A22E7A /* AppDelegate.swift in Sources */,
				40C74BC924D0072F00A22E7A /* SceneDelegate.swift in Sources */,
				403AC864252EA95D00BBA8EF /* CountriesTableViewController.swift in Sources */,
				4000B304253117A40019C683 /* StopwatchViewController.swift in Sources */,
				40C74BDF24D15A1900A22E7A /* MemoriesCell.swift in Sources */,
			);
			runOnlyForDeploymentPostprocessing = 0;
		};
/* End PBXSourcesBuildPhase section */

/* Begin PBXVariantGroup section */
		40C74BCC24D0072F00A22E7A /* Main.storyboard */ = {
			isa = PBXVariantGroup;
			children = (
				40C74BCD24D0072F00A22E7A /* Base */,
			);
			name = Main.storyboard;
			sourceTree = "<group>";
		};
		40C74BD124D0073100A22E7A /* LaunchScreen.storyboard */ = {
			isa = PBXVariantGroup;
			children = (
				40C74BD224D0073100A22E7A /* Base */,
			);
			name = LaunchScreen.storyboard;
			sourceTree = "<group>";
		};
/* End PBXVariantGroup section */

/* Begin XCBuildConfiguration section */
		40C74BD524D0073100A22E7A /* Debug */ = {
			isa = XCBuildConfiguration;
			buildSettings = {
				ALWAYS_SEARCH_USER_PATHS = NO;
				CLANG_ANALYZER_NONNULL = YES;
				CLANG_ANALYZER_NUMBER_OBJECT_CONVERSION = YES_AGGRESSIVE;
				CLANG_CXX_LANGUAGE_STANDARD = "gnu++14";
				CLANG_CXX_LIBRARY = "libc++";
				CLANG_ENABLE_MODULES = YES;
				CLANG_ENABLE_OBJC_ARC = YES;
				CLANG_ENABLE_OBJC_WEAK = YES;
				CLANG_WARN_BLOCK_CAPTURE_AUTORELEASING = YES;
				CLANG_WARN_BOOL_CONVERSION = YES;
				CLANG_WARN_COMMA = YES;
				CLANG_WARN_CONSTANT_CONVERSION = YES;
				CLANG_WARN_DEPRECATED_OBJC_IMPLEMENTATIONS = YES;
				CLANG_WARN_DIRECT_OBJC_ISA_USAGE = YES_ERROR;
				CLANG_WARN_DOCUMENTATION_COMMENTS = YES;
				CLANG_WARN_EMPTY_BODY = YES;
				CLANG_WARN_ENUM_CONVERSION = YES;
				CLANG_WARN_INFINITE_RECURSION = YES;
				CLANG_WARN_INT_CONVERSION = YES;
				CLANG_WARN_NON_LITERAL_NULL_CONVERSION = YES;
				CLANG_WARN_OBJC_IMPLICIT_RETAIN_SELF = YES;
				CLANG_WARN_OBJC_LITERAL_CONVERSION = YES;
				CLANG_WARN_OBJC_ROOT_CLASS = YES_ERROR;
				CLANG_WARN_RANGE_LOOP_ANALYSIS = YES;
				CLANG_WARN_STRICT_PROTOTYPES = YES;
				CLANG_WARN_SUSPICIOUS_MOVE = YES;
				CLANG_WARN_UNGUARDED_AVAILABILITY = YES_AGGRESSIVE;
				CLANG_WARN_UNREACHABLE_CODE = YES;
				CLANG_WARN__DUPLICATE_METHOD_MATCH = YES;
				COPY_PHASE_STRIP = NO;
				DEBUG_INFORMATION_FORMAT = dwarf;
				ENABLE_STRICT_OBJC_MSGSEND = YES;
				ENABLE_TESTABILITY = YES;
				GCC_C_LANGUAGE_STANDARD = gnu11;
				GCC_DYNAMIC_NO_PIC = NO;
				GCC_NO_COMMON_BLOCKS = YES;
				GCC_OPTIMIZATION_LEVEL = 0;
				GCC_PREPROCESSOR_DEFINITIONS = (
					"DEBUG=1",
					"$(inherited)",
				);
				GCC_WARN_64_TO_32_BIT_CONVERSION = YES;
				GCC_WARN_ABOUT_RETURN_TYPE = YES_ERROR;
				GCC_WARN_UNDECLARED_SELECTOR = YES;
				GCC_WARN_UNINITIALIZED_AUTOS = YES_AGGRESSIVE;
				GCC_WARN_UNUSED_FUNCTION = YES;
				GCC_WARN_UNUSED_VARIABLE = YES;
				IPHONEOS_DEPLOYMENT_TARGET = 13.6;
				MTL_ENABLE_DEBUG_INFO = INCLUDE_SOURCE;
				MTL_FAST_MATH = YES;
				ONLY_ACTIVE_ARCH = YES;
				SDKROOT = iphoneos;
				SWIFT_ACTIVE_COMPILATION_CONDITIONS = DEBUG;
				SWIFT_OPTIMIZATION_LEVEL = "-Onone";
			};
			name = Debug;
		};
		40C74BD624D0073100A22E7A /* Release */ = {
			isa = XCBuildConfiguration;
			buildSettings = {
				ALWAYS_SEARCH_USER_PATHS = NO;
				CLANG_ANALYZER_NONNULL = YES;
				CLANG_ANALYZER_NUMBER_OBJECT_CONVERSION = YES_AGGRESSIVE;
				CLANG_CXX_LANGUAGE_STANDARD = "gnu++14";
				CLANG_CXX_LIBRARY = "libc++";
				CLANG_ENABLE_MODULES = YES;
				CLANG_ENABLE_OBJC_ARC = YES;
				CLANG_ENABLE_OBJC_WEAK = YES;
				CLANG_WARN_BLOCK_CAPTURE_AUTORELEASING = YES;
				CLANG_WARN_BOOL_CONVERSION = YES;
				CLANG_WARN_COMMA = YES;
				CLANG_WARN_CONSTANT_CONVERSION = YES;
				CLANG_WARN_DEPRECATED_OBJC_IMPLEMENTATIONS = YES;
				CLANG_WARN_DIRECT_OBJC_ISA_USAGE = YES_ERROR;
				CLANG_WARN_DOCUMENTATION_COMMENTS = YES;
				CLANG_WARN_EMPTY_BODY = YES;
				CLANG_WARN_ENUM_CONVERSION = YES;
				CLANG_WARN_INFINITE_RECURSION = YES;
				CLANG_WARN_INT_CONVERSION = YES;
				CLANG_WARN_NON_LITERAL_NULL_CONVERSION = YES;
				CLANG_WARN_OBJC_IMPLICIT_RETAIN_SELF = YES;
				CLANG_WARN_OBJC_LITERAL_CONVERSION = YES;
				CLANG_WARN_OBJC_ROOT_CLASS = YES_ERROR;
				CLANG_WARN_RANGE_LOOP_ANALYSIS = YES;
				CLANG_WARN_STRICT_PROTOTYPES = YES;
				CLANG_WARN_SUSPICIOUS_MOVE = YES;
				CLANG_WARN_UNGUARDED_AVAILABILITY = YES_AGGRESSIVE;
				CLANG_WARN_UNREACHABLE_CODE = YES;
				CLANG_WARN__DUPLICATE_METHOD_MATCH = YES;
				COPY_PHASE_STRIP = NO;
				DEBUG_INFORMATION_FORMAT = "dwarf-with-dsym";
				ENABLE_NS_ASSERTIONS = NO;
				ENABLE_STRICT_OBJC_MSGSEND = YES;
				GCC_C_LANGUAGE_STANDARD = gnu11;
				GCC_NO_COMMON_BLOCKS = YES;
				GCC_WARN_64_TO_32_BIT_CONVERSION = YES;
				GCC_WARN_ABOUT_RETURN_TYPE = YES_ERROR;
				GCC_WARN_UNDECLARED_SELECTOR = YES;
				GCC_WARN_UNINITIALIZED_AUTOS = YES_AGGRESSIVE;
				GCC_WARN_UNUSED_FUNCTION = YES;
				GCC_WARN_UNUSED_VARIABLE = YES;
				IPHONEOS_DEPLOYMENT_TARGET = 13.6;
				MTL_ENABLE_DEBUG_INFO = NO;
				MTL_FAST_MATH = YES;
				SDKROOT = iphoneos;
				SWIFT_COMPILATION_MODE = wholemodule;
				SWIFT_OPTIMIZATION_LEVEL = "-O";
				VALIDATE_PRODUCT = YES;
			};
			name = Release;
		};
		40C74BD824D0073100A22E7A /* Debug */ = {
			isa = XCBuildConfiguration;
			buildSettings = {
				ASSETCATALOG_COMPILER_APPICON_NAME = AppIcon;
				CODE_SIGN_STYLE = Automatic;
				INFOPLIST_FILE = Memories/Info.plist;
				LD_RUNPATH_SEARCH_PATHS = (
					"$(inherited)",
					"@executable_path/Frameworks",
				);
				PRODUCT_BUNDLE_IDENTIFIER = org.saritha.Memories;
				PRODUCT_NAME = "$(TARGET_NAME)";
				SWIFT_VERSION = 5.0;
				TARGETED_DEVICE_FAMILY = "1,2";
			};
			name = Debug;
		};
		40C74BD924D0073100A22E7A /* Release */ = {
			isa = XCBuildConfiguration;
			buildSettings = {
				ASSETCATALOG_COMPILER_APPICON_NAME = AppIcon;
				CODE_SIGN_STYLE = Automatic;
				INFOPLIST_FILE = Memories/Info.plist;
				LD_RUNPATH_SEARCH_PATHS = (
					"$(inherited)",
					"@executable_path/Frameworks",
				);
				PRODUCT_BUNDLE_IDENTIFIER = org.saritha.Memories;
				PRODUCT_NAME = "$(TARGET_NAME)";
				SWIFT_VERSION = 5.0;
				TARGETED_DEVICE_FAMILY = "1,2";
			};
			name = Release;
		};
/* End XCBuildConfiguration section */

/* Begin XCConfigurationList section */
		40C74BBE24D0072F00A22E7A /* Build configuration list for PBXProject "Memories" */ = {
			isa = XCConfigurationList;
			buildConfigurations = (
				40C74BD524D0073100A22E7A /* Debug */,
				40C74BD624D0073100A22E7A /* Release */,
			);
			defaultConfigurationIsVisible = 0;
			defaultConfigurationName = Release;
		};
		40C74BD724D0073100A22E7A /* Build configuration list for PBXNativeTarget "Memories" */ = {
			isa = XCConfigurationList;
			buildConfigurations = (
				40C74BD824D0073100A22E7A /* Debug */,
				40C74BD924D0073100A22E7A /* Release */,
			);
			defaultConfigurationIsVisible = 0;
			defaultConfigurationName = Release;
		};
/* End XCConfigurationList section */
	};
	rootObject = 40C74BBB24D0072F00A22E7A /* Project object */;
}
